// !$*UTF8*$!
{
	archiveVersion = 1;
	classes = {
	};
	objectVersion = 77;
	objects = {

/* Begin PBXBuildFile section */
		AA848A962F69C50600645C64 /* HomeVC.swift in Sources */ = {isa = PBXBuildFile; fileRef = AA848A8B2F69C50600645C64 /* HomeVC.swift */; };
		AA848A972F69C50600645C64 /* AppDelegate.swift in Sources */ = {isa = PBXBuildFile; fileRef = AA848A8F2F69C50600645C64 /* AppDelegate.swift */; };
		AA848A982F69C50600645C64 /* SceneDelegate.swift in Sources */ = {isa = PBXBuildFile; fileRef = AA848A942F69C50600645C64 /* SceneDelegate.swift */; };
		AA848A992F69C50600645C64 /* Main.storyboard in Resources */ = {isa = PBXBuildFile; fileRef = AA848A8D2F69C50600645C64 /* Main.storyboard */; };
		AA848A9A2F69C50600645C64 /* Assets.xcassets in Resources */ = {isa = PBXBuildFile; fileRef = AA848A902F69C50600645C64 /* Assets.xcassets */; };
		AA848A9C2F69C50600645C64 /* LaunchScreen.storyboard in Resources */ = {isa = PBXBuildFile; fileRef = AA848A932F69C50600645C64 /* LaunchScreen.storyboard */; };
		AA848A9E2F69C55A00645C64 /* HomeTableTopRow.swift in Sources */ = {isa = PBXBuildFile; fileRef = AA848A9D2F69C55A00645C64 /* HomeTableTopRow.swift */; };
		AA848AA02F69C58900645C64 /* HomeTableCarousel.swift in Sources */ = {isa = PBXBuildFile; fileRef = AA848A9F2F69C58900645C64 /* HomeTableCarousel.swift */; };
		AA848AA22F69C5AF00645C64 /* HomeWeeklyForecastRow.swift in Sources */ = {isa = PBXBuildFile; fileRef = AA848AA12F69C5AF00645C64 /* HomeWeeklyForecastRow.swift */; };
		AA9444202F6CC1A800FED36C /* DailyCollectionCell.swift in Sources */ = {isa = PBXBuildFile; fileRef = AA94441F2F6CC1A800FED36C /* DailyCollectionCell.swift */; };
		AAB1E17F2F6E0F7F00EDBDFB /* WeeklyForecastDetailRow.swift in Sources */ = {isa = PBXBuildFile; fileRef = AAB1E17E2F6E0F7F00EDBDFB /* WeeklyForecastDetailRow.swift */; };
/* End PBXBuildFile section */

/* Begin PBXFileReference section */
		AA848A722F677B8200645C64 /* storyboard-weather.app */ = {isa = PBXFileReference; explicitFileType = wrapper.application; includeInIndex = 0; path = "storyboard-weather.app"; sourceTree = BUILT_PRODUCTS_DIR; };
		AA848A8B2F69C50600645C64 /* HomeVC.swift */ = {isa = PBXFileReference; lastKnownFileType = sourcecode.swift; path = HomeVC.swift; sourceTree = "<group>"; };
		AA848A8C2F69C50600645C64 /* Base */ = {isa = PBXFileReference; lastKnownFileType = file.storyboard; name = Base; path = Base.lproj/Main.storyboard; sourceTree = "<group>"; };
		AA848A8F2F69C50600645C64 /* AppDelegate.swift */ = {isa = PBXFileReference; lastKnownFileType = sourcecode.swift; path = AppDelegate.swift; sourceTree = "<group>"; };
		AA848A902F69C50600645C64 /* Assets.xcassets */ = {isa = PBXFileReference; lastKnownFileType = folder.assetcatalog; path = Assets.xcassets; sourceTree = "<group>"; };
		AA848A912F69C50600645C64 /* Info.plist */ = {isa = PBXFileReference; lastKnownFileType = text.plist.xml; path = Info.plist; sourceTree = "<group>"; };
		AA848A922F69C50600645C64 /* Base */ = {isa = PBXFileReference; lastKnownFileType = file.storyboard; name = Base; path = Base.lproj/LaunchScreen.storyboard; sourceTree = "<group>"; };
		AA848A942F69C50600645C64 /* SceneDelegate.swift */ = {isa = PBXFileReference; lastKnownFileType = sourcecode.swift; path = SceneDelegate.swift; sourceTree = "<group>"; };
		AA848A9D2F69C55A00645C64 /* HomeTableTopRow.swift */ = {isa = PBXFileReference; lastKnownFileType = sourcecode.swift; path = HomeTableTopRow.swift; sourceTree = "<group>"; };
		AA848A9F2F69C58900645C64 /* HomeTableCarousel.swift */ = {isa = PBXFileReference; lastKnownFileType = sourcecode.swift; path = HomeTableCarousel.swift; sourceTree = "<group>"; };
		AA848AA12F69C5AF00645C64 /* HomeWeeklyForecastRow.swift */ = {isa = PBXFileReference; lastKnownFileType = sourcecode.swift; path = HomeWeeklyForecastRow.swift; sourceTree = "<group>"; };
		AA94441F2F6CC1A800FED36C /* DailyCollectionCell.swift */ = {isa = PBXFileReference; lastKnownFileType = sourcecode.swift; path = DailyCollectionCell.swift; sourceTree = "<group>"; };
		AAB1E17E2F6E0F7F00EDBDFB /* WeeklyForecastDetailRow.swift */ = {isa = PBXFileReference; lastKnownFileType = sourcecode.swift; path = WeeklyForecastDetailRow.swift; sourceTree = "<group>"; };
/* End PBXFileReference section */

/* Begin PBXFrameworksBuildPhase section */
		AA848A6F2F677B8200645C64 /* Frameworks */ = {
			isa = PBXFrameworksBuildPhase;
			buildActionMask = 2147483647;
			files = (
			);
			runOnlyForDeploymentPostprocessing = 0;
		};
/* End PBXFrameworksBuildPhase section */

/* Begin PBXGroup section */
		AA848A692F677B8200645C64 = {
			isa = PBXGroup;
			children = (
				AA848A952F69C50600645C64 /* storyboard-weather */,
				AA848A732F677B8200645C64 /* Products */,
			);
			sourceTree = "<group>";
		};
		AA848A732F677B8200645C64 /* Products */ = {
			isa = PBXGroup;
			children = (
				AA848A722F677B8200645C64 /* storyboard-weather.app */,
			);
			name = Products;
			sourceTree = "<group>";
		};
		AA848A8E2F69C50600645C64 /* Home */ = {
			isa = PBXGroup;
			children = (
				AA9444222F6CD11300FED36C /* TopRow */,
				AA9444212F6CD09900FED36C /* CollectionView Row */,
				AA9444232F6CD2A000FED36C /* BottomRow */,
				AA848A8B2F69C50600645C64 /* HomeVC.swift */,
				AA848A8D2F69C50600645C64 /* Main.storyboard */,
			);
			path = Home;
			sourceTree = "<group>";
		};
		AA848A952F69C50600645C64 /* storyboard-weather */ = {
			isa = PBXGroup;
			children = (
				AA848A8F2F69C50600645C64 /* AppDelegate.swift */,
				AA848A902F69C50600645C64 /* Assets.xcassets */,
				AA848A912F69C50600645C64 /* Info.plist */,
				AA848A932F69C50600645C64 /* LaunchScreen.storyboard */,
				AA848A942F69C50600645C64 /* SceneDelegate.swift */,
				AA848A8E2F69C50600645C64 /* Home */,
			);
			path = "storyboard-weather";
			sourceTree = "<group>";
		};
		AA9444212F6CD09900FED36C /* CollectionView Row */ = {
			isa = PBXGroup;
			children = (
				AA848A9F2F69C58900645C64 /* HomeTableCarousel.swift */,
				AA94441F2F6CC1A800FED36C /* DailyCollectionCell.swift */,
			);
			path = "CollectionView Row";
			sourceTree = "<group>";
		};
		AA9444222F6CD11300FED36C /* TopRow */ = {
			isa = PBXGroup;
			children = (
				AA848A9D2F69C55A00645C64 /* HomeTableTopRow.swift */,
			);
			path = TopRow;
			sourceTree = "<group>";
		};
		AA9444232F6CD2A000FED36C /* BottomRow */ = {
			isa = PBXGroup;
			children = (
				AA848AA12F69C5AF00645C64 /* HomeWeeklyForecastRow.swift */,
				AAB1E17E2F6E0F7F00EDBDFB /* WeeklyForecastDetailRow.swift */,
			);
			path = BottomRow;
			sourceTree = "<group>";
		};
/* End PBXGroup section */

/* Begin PBXNativeTarget section */
		AA848A712F677B8200645C64 /* storyboard-weather */ = {
			isa = PBXNativeTarget;
			buildConfigurationList = AA848A852F677B8300645C64 /* Build configuration list for PBXNativeTarget "storyboard-weather" */;
			buildPhases = (
				AA848A6E2F677B8200645C64 /* Sources */,
				AA848A6F2F677B8200645C64 /* Frameworks */,
				AA848A702F677B8200645C64 /* Resources */,
			);
			buildRules = (
			);
			dependencies = (
			);
			name = "storyboard-weather";
			packageProductDependencies = (
			);
			productName = "storyboard-weather";
			productReference = AA848A722F677B8200645C64 /* storyboard-weather.app */;
			productType = "com.apple.product-type.application";
		};
/* End PBXNativeTarget section */

/* Begin PBXProject section */
		AA848A6A2F677B8200645C64 /* Project object */ = {
			isa = PBXProject;
			attributes = {
				BuildIndependentTargetsInParallel = 1;
				LastSwiftUpdateCheck = 2630;
				LastUpgradeCheck = 2630;
				TargetAttributes = {
					AA848A712F677B8200645C64 = {
						CreatedOnToolsVersion = 26.3;
					};
				};
			};
			buildConfigurationList = AA848A6D2F677B8200645C64 /* Build configuration list for PBXProject "storyboard-weather" */;
			developmentRegion = en;
			hasScannedForEncodings = 0;
			knownRegions = (
				en,
				Base,
			);
			mainGroup = AA848A692F677B8200645C64;
			minimizedProjectReferenceProxies = 1;
			preferredProjectObjectVersion = 77;
			productRefGroup = AA848A732F677B8200645C64 /* Products */;
			projectDirPath = "";
			projectRoot = "";
			targets = (
				AA848A712F677B8200645C64 /* storyboard-weather */,
			);
		};
/* End PBXProject section */

/* Begin PBXResourcesBuildPhase section */
		AA848A702F677B8200645C64 /* Resources */ = {
			isa = PBXResourcesBuildPhase;
			buildActionMask = 2147483647;
			files = (
				AA848A992F69C50600645C64 /* Main.storyboard in Resources */,
				AA848A9A2F69C50600645C64 /* Assets.xcassets in Resources */,
				AA848A9C2F69C50600645C64 /* LaunchScreen.storyboard in Resources */,
			);
			runOnlyForDeploymentPostprocessing = 0;
		};
/* End PBXResourcesBuildPhase section */

/* Begin PBXSourcesBuildPhase section */
		AA848A6E2F677B8200645C64 /* Sources */ = {
			isa = PBXSourcesBuildPhase;
			buildActionMask = 2147483647;
			files = (
				AA848A9E2F69C55A00645C64 /* HomeTableTopRow.swift in Sources */,
				AA848AA02F69C58900645C64 /* HomeTableCarousel.swift in Sources */,
				AA9444202F6CC1A800FED36C /* DailyCollectionCell.swift in Sources */,
				AAB1E17F2F6E0F7F00EDBDFB /* WeeklyForecastDetailRow.swift in Sources */,
				AA848A962F69C50600645C64 /* HomeVC.swift in Sources */,
				AA848AA22F69C5AF00645C64 /* HomeWeeklyForecastRow.swift in Sources */,
				AA848A972F69C50600645C64 /* AppDelegate.swift in Sources */,
				AA848A982F69C50600645C64 /* SceneDelegate.swift in Sources */,
			);
			runOnlyForDeploymentPostprocessing = 0;
		};
/* End PBXSourcesBuildPhase section */

/* Begin PBXVariantGroup section */
		AA848A8D2F69C50600645C64 /* Main.storyboard */ = {
			isa = PBXVariantGroup;
			children = (
				AA848A8C2F69C50600645C64 /* Base */,
			);
			name = Main.storyboard;
			sourceTree = "<group>";
		};
		AA848A932F69C50600645C64 /* LaunchScreen.storyboard */ = {
			isa = PBXVariantGroup;
			children = (
				AA848A922F69C50600645C64 /* Base */,
			);
			name = LaunchScreen.storyboard;
			sourceTree = "<group>";
		};
/* End PBXVariantGroup section */

/* Begin XCBuildConfiguration section */
		AA848A862F677B8300645C64 /* Debug */ = {
			isa = XCBuildConfiguration;
			buildSettings = {
				ASSETCATALOG_COMPILER_APPICON_NAME = AppIcon;
				ASSETCATALOG_COMPILER_GLOBAL_ACCENT_COLOR_NAME = AccentColor;
				CODE_SIGN_STYLE = Automatic;
				CURRENT_PROJECT_VERSION = 1;
				GENERATE_INFOPLIST_FILE = YES;
				INFOPLIST_FILE = "storyboard-weather/Info.plist";
				INFOPLIST_KEY_UIApplicationSupportsIndirectInputEvents = YES;
				INFOPLIST_KEY_UILaunchStoryboardName = LaunchScreen;
				INFOPLIST_KEY_UIMainStoryboardFile = Main;
				INFOPLIST_KEY_UISupportedInterfaceOrientations_iPad = "UIInterfaceOrientationPortrait UIInterfaceOrientationPortraitUpsideDown UIInterfaceOrientationLandscapeLeft UIInterfaceOrientationLandscapeRight";
				INFOPLIST_KEY_UISupportedInterfaceOrientations_iPhone = "UIInterfaceOrientationPortrait UIInterfaceOrientationLandscapeLeft UIInterfaceOrientationLandscapeRight";
				LD_RUNPATH_SEARCH_PATHS = (
					"$(inherited)",
					"@executable_path/Frameworks",
				);
				MARKETING_VERSION = 1.0;
				PRODUCT_BUNDLE_IDENTIFIER = "volmert.james.com.storyboard-weather";
				PRODUCT_NAME = "$(TARGET_NAME)";
				STRING_CATALOG_GENERATE_SYMBOLS = YES;
				SWIFT_APPROACHABLE_CONCURRENCY = YES;
				SWIFT_DEFAULT_ACTOR_ISOLATION = MainActor;
				SWIFT_EMIT_LOC_STRINGS = YES;
				SWIFT_UPCOMING_FEATURE_MEMBER_IMPORT_VISIBILITY = YES;
				SWIFT_VERSION = 5.0;
				TARGETED_DEVICE_FAMILY = "1,2";
			};
			name = Debug;
		};
		AA848A872F677B8300645C64 /* Release */ = {
			isa = XCBuildConfiguration;
			buildSettings = {
				ASSETCATALOG_COMPILER_APPICON_NAME = AppIcon;
				ASSETCATALOG_COMPILER_GLOBAL_ACCENT_COLOR_NAME = AccentColor;
				CODE_SIGN_STYLE = Automatic;
				CURRENT_PROJECT_VERSION = 1;
				GENERATE_INFOPLIST_FILE = YES;
				INFOPLIST_FILE = "storyboard-weather/Info.plist";
				INFOPLIST_KEY_UIApplicationSupportsIndirectInputEvents = YES;
				INFOPLIST_KEY_UILaunchStoryboardName = LaunchScreen;
				INFOPLIST_KEY_UIMainStoryboardFile = Main;
				INFOPLIST_KEY_UISupportedInterfaceOrientations_iPad = "UIInterfaceOrientationPortrait UIInterfaceOrientationPortraitUpsideDown UIInterfaceOrientationLandscapeLeft UIInterfaceOrientationLandscapeRight";
				INFOPLIST_KEY_UISupportedInterfaceOrientations_iPhone = "UIInterfaceOrientationPortrait UIInterfaceOrientationLandscapeLeft UIInterfaceOrientationLandscapeRight";
				LD_RUNPATH_SEARCH_PATHS = (
					"$(inherited)",
					"@executable_path/Frameworks",
				);
				MARKETING_VERSION = 1.0;
				PRODUCT_BUNDLE_IDENTIFIER = "volmert.james.com.storyboard-weather";
				PRODUCT_NAME = "$(TARGET_NAME)";
				STRING_CATALOG_GENERATE_SYMBOLS = YES;
				SWIFT_APPROACHABLE_CONCURRENCY = YES;
				SWIFT_DEFAULT_ACTOR_ISOLATION = MainActor;
				SWIFT_EMIT_LOC_STRINGS = YES;
				SWIFT_UPCOMING_FEATURE_MEMBER_IMPORT_VISIBILITY = YES;
				SWIFT_VERSION = 5.0;
				TARGETED_DEVICE_FAMILY = "1,2";
			};
			name = Release;
		};
		AA848A882F677B8300645C64 /* Debug */ = {
			isa = XCBuildConfiguration;
			buildSettings = {
				ALWAYS_SEARCH_USER_PATHS = NO;
				ASSETCATALOG_COMPILER_GENERATE_SWIFT_ASSET_SYMBOL_EXTENSIONS = YES;
				CLANG_ANALYZER_NONNULL = YES;
				CLANG_ANALYZER_NUMBER_OBJECT_CONVERSION = YES_AGGRESSIVE;
				CLANG_CXX_LANGUAGE_STANDARD = "gnu++20";
				CLANG_ENABLE_MODULES = YES;
				CLANG_ENABLE_OBJC_ARC = YES;
				CLANG_ENABLE_OBJC_WEAK = YES;
				CLANG_WARN_BLOCK_CAPTURE_AUTORELEASING = YES;
				CLANG_WARN_BOOL_CONVERSION = YES;
				CLANG_WARN_COMMA = YES;
				CLANG_WARN_CONSTANT_CONVERSION = YES;
				CLANG_WARN_DEPRECATED_OBJC_IMPLEMENTATIONS = YES;
				CLANG_WARN_DIRECT_OBJC_ISA_USAGE = YES_ERROR;
				CLANG_WARN_DOCUMENTATION_COMMENTS = YES;
				CLANG_WARN_EMPTY_BODY = YES;
				CLANG_WARN_ENUM_CONVERSION = YES;
				CLANG_WARN_INFINITE_RECURSION = YES;
				CLANG_WARN_INT_CONVERSION = YES;
				CLANG_WARN_NON_LITERAL_NULL_CONVERSION = YES;
				CLANG_WARN_OBJC_IMPLICIT_RETAIN_SELF = YES;
				CLANG_WARN_OBJC_LITERAL_CONVERSION = YES;
				CLANG_WARN_OBJC_ROOT_CLASS = YES_ERROR;
				CLANG_WARN_QUOTED_INCLUDE_IN_FRAMEWORK_HEADER = YES;
				CLANG_WARN_RANGE_LOOP_ANALYSIS = YES;
				CLANG_WARN_STRICT_PROTOTYPES = YES;
				CLANG_WARN_SUSPICIOUS_MOVE = YES;
				CLANG_WARN_UNGUARDED_AVAILABILITY = YES_AGGRESSIVE;
				CLANG_WARN_UNREACHABLE_CODE = YES;
				CLANG_WARN__DUPLICATE_METHOD_MATCH = YES;
				COPY_PHASE_STRIP = NO;
				DEBUG_INFORMATION_FORMAT = dwarf;
				ENABLE_STRICT_OBJC_MSGSEND = YES;
				ENABLE_TESTABILITY = YES;
				ENABLE_USER_SCRIPT_SANDBOXING = YES;
				GCC_C_LANGUAGE_STANDARD = gnu17;
				GCC_DYNAMIC_NO_PIC = NO;
				GCC_NO_COMMON_BLOCKS = YES;
				GCC_OPTIMIZATION_LEVEL = 0;
				GCC_PREPROCESSOR_DEFINITIONS = (
					"DEBUG=1",
					"$(inherited)",
				);
				GCC_WARN_64_TO_32_BIT_CONVERSION = YES;
				GCC_WARN_ABOUT_RETURN_TYPE = YES_ERROR;
				GCC_WARN_UNDECLARED_SELECTOR = YES;
				GCC_WARN_UNINITIALIZED_AUTOS = YES_AGGRESSIVE;
				GCC_WARN_UNUSED_FUNCTION = YES;
				GCC_WARN_UNUSED_VARIABLE = YES;
				IPHONEOS_DEPLOYMENT_TARGET = 26.2;
				LOCALIZATION_PREFERS_STRING_CATALOGS = YES;
				MTL_ENABLE_DEBUG_INFO = INCLUDE_SOURCE;
				MTL_FAST_MATH = YES;
				ONLY_ACTIVE_ARCH = YES;
				SDKROOT = iphoneos;
				SWIFT_ACTIVE_COMPILATION_CONDITIONS = "DEBUG $(inherited)";
				SWIFT_OPTIMIZATION_LEVEL = "-Onone";
			};
			name = Debug;
		};
		AA848A892F677B8300645C64 /* Release */ = {
			isa = XCBuildConfiguration;
			buildSettings = {
				ALWAYS_SEARCH_USER_PATHS = NO;
				ASSETCATALOG_COMPILER_GENERATE_SWIFT_ASSET_SYMBOL_EXTENSIONS = YES;
				CLANG_ANALYZER_NONNULL = YES;
				CLANG_ANALYZER_NUMBER_OBJECT_CONVERSION = YES_AGGRESSIVE;
				CLANG_CXX_LANGUAGE_STANDARD = "gnu++20";
				CLANG_ENABLE_MODULES = YES;
				CLANG_ENABLE_OBJC_ARC = YES;
				CLANG_ENABLE_OBJC_WEAK = YES;
				CLANG_WARN_BLOCK_CAPTURE_AUTORELEASING = YES;
				CLANG_WARN_BOOL_CONVERSION = YES;
				CLANG_WARN_COMMA = YES;
				CLANG_WARN_CONSTANT_CONVERSION = YES;
				CLANG_WARN_DEPRECATED_OBJC_IMPLEMENTATIONS = YES;
				CLANG_WARN_DIRECT_OBJC_ISA_USAGE = YES_ERROR;
				CLANG_WARN_DOCUMENTATION_COMMENTS = YES;
				CLANG_WARN_EMPTY_BODY = YES;
				CLANG_WARN_ENUM_CONVERSION = YES;
				CLANG_WARN_INFINITE_RECURSION = YES;
				CLANG_WARN_INT_CONVERSION = YES;
				CLANG_WARN_NON_LITERAL_NULL_CONVERSION = YES;
				CLANG_WARN_OBJC_IMPLICIT_RETAIN_SELF = YES;
				CLANG_WARN_OBJC_LITERAL_CONVERSION = YES;
				CLANG_WARN_OBJC_ROOT_CLASS = YES_ERROR;
				CLANG_WARN_QUOTED_INCLUDE_IN_FRAMEWORK_HEADER = YES;
				CLANG_WARN_RANGE_LOOP_ANALYSIS = YES;
				CLANG_WARN_STRICT_PROTOTYPES = YES;
				CLANG_WARN_SUSPICIOUS_MOVE = YES;
				CLANG_WARN_UNGUARDED_AVAILABILITY = YES_AGGRESSIVE;
				CLANG_WARN_UNREACHABLE_CODE = YES;
				CLANG_WARN__DUPLICATE_METHOD_MATCH = YES;
				COPY_PHASE_STRIP = NO;
				DEBUG_INFORMATION_FORMAT = "dwarf-with-dsym";
				ENABLE_NS_ASSERTIONS = NO;
				ENABLE_STRICT_OBJC_MSGSEND = YES;
				ENABLE_USER_SCRIPT_SANDBOXING = YES;
				GCC_C_LANGUAGE_STANDARD = gnu17;
				GCC_NO_COMMON_BLOCKS = YES;
				GCC_WARN_64_TO_32_BIT_CONVERSION = YES;
				GCC_WARN_ABOUT_RETURN_TYPE = YES_ERROR;
				GCC_WARN_UNDECLARED_SELECTOR = YES;
				GCC_WARN_UNINITIALIZED_AUTOS = YES_AGGRESSIVE;
				GCC_WARN_UNUSED_FUNCTION = YES;
				GCC_WARN_UNUSED_VARIABLE = YES;
				IPHONEOS_DEPLOYMENT_TARGET = 26.2;
				LOCALIZATION_PREFERS_STRING_CATALOGS = YES;
				MTL_ENABLE_DEBUG_INFO = NO;
				MTL_FAST_MATH = YES;
				SDKROOT = iphoneos;
				SWIFT_COMPILATION_MODE = wholemodule;
				VALIDATE_PRODUCT = YES;
			};
			name = Release;
		};
/* End XCBuildConfiguration section */

/* Begin XCConfigurationList section */
		AA848A6D2F677B8200645C64 /* Build configuration list for PBXProject "storyboard-weather" */ = {
			isa = XCConfigurationList;
			buildConfigurations = (
				AA848A882F677B8300645C64 /* Debug */,
				AA848A892F677B8300645C64 /* Release */,
			);
			defaultConfigurationIsVisible = 0;
			defaultConfigurationName = Release;
		};
		AA848A852F677B8300645C64 /* Build configuration list for PBXNativeTarget "storyboard-weather" */ = {
			isa = XCConfigurationList;
			buildConfigurations = (
				AA848A862F677B8300645C64 /* Debug */,
				AA848A872F677B8300645C64 /* Release */,
			);
			defaultConfigurationIsVisible = 0;
			defaultConfigurationName = Release;
		};
/* End XCConfigurationList section */
	};
	rootObject = AA848A6A2F677B8200645C64 /* Project object */;
}
